
Microsoft Visual Studio Solution File, Format Version 12.00
# Visual Studio Version 16
VisualStudioVersion = 16.0.31729.503
MinimumVisualStudioVersion = 10.0.40219.1
Project("{9A19103F-16F7-4668-BE54-9A1E7A4F7556}") = "SCP.UI.Web", "SCP.UI.Web\SCP.UI.Web.csproj", "{E0CBD308-E587-4CA9-B428-56671D4DD01A}"
EndProject
Project("{9A19103F-16F7-4668-BE54-9A1E7A4F7556}") = "SGP.AplicationCore", "SGP.AplicationCore\SGP.AplicationCore.csproj", "{78A10634-B8B6-4003-B668-ED57ACD4B4CF}"
EndProject
Global
	GlobalSection(SolutionConfigurationPlatforms) = preSolution
		Debug|Any CPU = Debug|Any CPU
		Release|Any CPU = Release|Any CPU
	EndGlobalSection
	GlobalSection(ProjectConfigurationPlatforms) = postSolution
		{E0CBD308-E587-4CA9-B428-56671D4DD01A}.Debug|Any CPU.ActiveCfg = Debug|Any CPU
		{E0CBD308-E587-4CA9-B428-56671D4DD01A}.Debug|Any CPU.Build.0 = Debug|Any CPU
		{E0CBD308-E587-4CA9-B428-56671D4DD01A}.Release|Any CPU.ActiveCfg = Release|Any CPU
		{E0CBD308-E587-4CA9-B428-56671D4DD01A}.Release|Any CPU.Build.0 = Release|Any CPU
		{78A10634-B8B6-4003-B668-ED57ACD4B4CF}.Debug|Any CPU.ActiveCfg = Debug|Any CPU
		{78A10634-B8B6-4003-B668-ED57ACD4B4CF}.Debug|Any CPU.Build.0 = Debug|Any CPU
		{78A10634-B8B6-4003-B668-ED57ACD4B4CF}.Release|Any CPU.ActiveCfg = Release|Any CPU
		{78A10634-B8B6-4003-B668-ED57ACD4B4CF}.Release|Any CPU.Build.0 = Release|Any CPU
	EndGlobalSection
	GlobalSection(SolutionProperties) = preSolution
		HideSolutionNode = FALSE
	EndGlobalSection
	GlobalSection(ExtensibilityGlobals) = postSolution
		SolutionGuid = {74F54768-05B4-4DD5-A61B-43922C88876E}
	EndGlobalSection
EndGlobal
